
Microsoft Visual Studio Solution File, Format Version 12.00
# Visual Studio Version 17
VisualStudioVersion = 17.3.32825.248
MinimumVisualStudioVersion = 10.0.40219.1
Project("{FAE04EC0-301F-11D3-BF4B-00C04F79EFBC}") = "lab2_z5", "lab2_z5.csproj", "{042BA27A-7BA8-4052-8C2F-93AF19BE9AC3}"
EndProject
Global
	GlobalSection(SolutionConfigurationPlatforms) = preSolution
		Debug|Any CPU = Debug|Any CPU
		Release|Any CPU = Release|Any CPU
	EndGlobalSection
	GlobalSection(ProjectConfigurationPlatforms) = postSolution
		{042BA27A-7BA8-4052-8C2F-93AF19BE9AC3}.Debug|Any CPU.ActiveCfg = Debug|Any CPU
		{042BA27A-7BA8-4052-8C2F-93AF19BE9AC3}.Debug|Any CPU.Build.0 = Debug|Any CPU
		{042BA27A-7BA8-4052-8C2F-93AF19BE9AC3}.Release|Any CPU.ActiveCfg = Release|Any CPU
		{042BA27A-7BA8-4052-8C2F-93AF19BE9AC3}.Release|Any CPU.Build.0 = Release|Any CPU
	EndGlobalSection
	GlobalSection(SolutionProperties) = preSolution
		HideSolutionNode = FALSE
	EndGlobalSection
	GlobalSection(ExtensibilityGlobals) = postSolution
		SolutionGuid = {2D9BF950-C6B6-4B46-8AAB-1C941958C5CC}
	EndGlobalSection
EndGlobal
